
Microsoft Visual Studio Solution File, Format Version 12.00
# Visual Studio Version 16
VisualStudioVersion = 16.0.31229.75
MinimumVisualStudioVersion = 10.0.40219.1
Project("{8BC9CEB8-8B4A-11D0-8D11-00A0C91BC942}") = "MFCFinalExamPracticeQuestions2", "MFCFinalExamPracticeQuestions2\MFCFinalExamPracticeQuestions2.vcxproj", "{8CDE7F53-2F57-446D-BC8D-4E6D8CE24541}"
EndProject
Global
	GlobalSection(SolutionConfigurationPlatforms) = preSolution
		Debug|x64 = Debug|x64
		Debug|x86 = Debug|x86
		Release|x64 = Release|x64
		Release|x86 = Release|x86
	EndGlobalSection
	GlobalSection(ProjectConfigurationPlatforms) = postSolution
		{8CDE7F53-2F57-446D-BC8D-4E6D8CE24541}.Debug|x64.ActiveCfg = Debug|x64
		{8CDE7F53-2F57-446D-BC8D-4E6D8CE24541}.Debug|x64.Build.0 = Debug|x64
		{8CDE7F53-2F57-446D-BC8D-4E6D8CE24541}.Debug|x86.ActiveCfg = Debug|Win32
		{8CDE7F53-2F57-446D-BC8D-4E6D8CE24541}.Debug|x86.Build.0 = Debug|Win32
		{8CDE7F53-2F57-446D-BC8D-4E6D8CE24541}.Release|x64.ActiveCfg = Release|x64
		{8CDE7F53-2F57-446D-BC8D-4E6D8CE24541}.Release|x64.Build.0 = Release|x64
		{8CDE7F53-2F57-446D-BC8D-4E6D8CE24541}.Release|x86.ActiveCfg = Release|Win32
		{8CDE7F53-2F57-446D-BC8D-4E6D8CE24541}.Release|x86.Build.0 = Release|Win32
	EndGlobalSection
	GlobalSection(SolutionProperties) = preSolution
		HideSolutionNode = FALSE
	EndGlobalSection
	GlobalSection(ExtensibilityGlobals) = postSolution
		SolutionGuid = {9FCE50BC-737B-4B54-B8A6-4493A628DA5E}
	EndGlobalSection
EndGlobal
